
Microsoft Visual Studio Solution File, Format Version 12.00
# Visual Studio Version 17
VisualStudioVersion = 17.14.36327.8
MinimumVisualStudioVersion = 10.0.40219.1
Project("{8BC9CEB8-8B4A-11D0-8D11-00A0C91BC942}") = "Using Structures", "Using Structures\Using Structures.vcxproj", "{F2F9B38D-140C-4406-9845-4A3B34E7C37F}"
EndProject
Project("{8BC9CEB8-8B4A-11D0-8D11-00A0C91BC942}") = "Using Enumerations", "Using Enumerations\Using Enumerations.vcxproj", "{AB6C5547-26EB-4266-8B28-73F23CFABA69}"
EndProject
Project("{8BC9CEB8-8B4A-11D0-8D11-00A0C91BC942}") = "Using Pointers and the Free Store", "Using Pointers and the Free Store\Using Pointers and the Free Store.vcxproj", "{2389C7DA-6CA8-4092-9ECC-414A931AE75E}"
EndProject
Project("{8BC9CEB8-8B4A-11D0-8D11-00A0C91BC942}") = "Keyboard WhackEmAll", "Keyboard WhackEmAll\Keyboard WhackEmAll.vcxproj", "{44E3F421-F94C-4D0E-BB98-6C83BCFC1038}"
EndProject
Project("{8BC9CEB8-8B4A-11D0-8D11-00A0C91BC942}") = "Green Jewel World", "Green Jewel World\Green Jewel World.vcxproj", "{7299DBC3-B73A-479E-B743-F0FDB621E4A2}"
EndProject
Project("{8BC9CEB8-8B4A-11D0-8D11-00A0C91BC942}") = "Colour Tic Tac Toe", "Colour Tic Tac Toe\Colour Tic Tac Toe.vcxproj", "{AE09FF95-C955-488A-9603-F498DFF9C7B9}"
EndProject
Project("{8BC9CEB8-8B4A-11D0-8D11-00A0C91BC942}") = "Spaceman Zuur", "Spaceman Zuur\Spaceman Zuur.vcxproj", "{71CF82FC-F3C6-4184-9619-D0443A0B9271}"
EndProject
Project("{8BC9CEB8-8B4A-11D0-8D11-00A0C91BC942}") = "Battleships", "Battleships\Battleships.vcxproj", "{B67A6130-02F3-4282-90BD-563FBF4FF4E8}"
EndProject
Global
	GlobalSection(SolutionConfigurationPlatforms) = preSolution
		Debug|x64 = Debug|x64
		Debug|x86 = Debug|x86
		Release|x64 = Release|x64
		Release|x86 = Release|x86
	EndGlobalSection
	GlobalSection(ProjectConfigurationPlatforms) = postSolution
		{F2F9B38D-140C-4406-9845-4A3B34E7C37F}.Debug|x64.ActiveCfg = Debug|x64
		{F2F9B38D-140C-4406-9845-4A3B34E7C37F}.Debug|x64.Build.0 = Debug|x64
		{F2F9B38D-140C-4406-9845-4A3B34E7C37F}.Debug|x86.ActiveCfg = Debug|Win32
		{F2F9B38D-140C-4406-9845-4A3B34E7C37F}.Debug|x86.Build.0 = Debug|Win32
		{F2F9B38D-140C-4406-9845-4A3B34E7C37F}.Release|x64.ActiveCfg = Release|x64
		{F2F9B38D-140C-4406-9845-4A3B34E7C37F}.Release|x64.Build.0 = Release|x64
		{F2F9B38D-140C-4406-9845-4A3B34E7C37F}.Release|x86.ActiveCfg = Release|Win32
		{F2F9B38D-140C-4406-9845-4A3B34E7C37F}.Release|x86.Build.0 = Release|Win32
		{AB6C5547-26EB-4266-8B28-73F23CFABA69}.Debug|x64.ActiveCfg = Debug|x64
		{AB6C5547-26EB-4266-8B28-73F23CFABA69}.Debug|x64.Build.0 = Debug|x64
		{AB6C5547-26EB-4266-8B28-73F23CFABA69}.Debug|x86.ActiveCfg = Debug|Win32
		{AB6C5547-26EB-4266-8B28-73F23CFABA69}.Debug|x86.Build.0 = Debug|Win32
		{AB6C5547-26EB-4266-8B28-73F23CFABA69}.Release|x64.ActiveCfg = Release|x64
		{AB6C5547-26EB-4266-8B28-73F23CFABA69}.Release|x64.Build.0 = Release|x64
		{AB6C5547-26EB-4266-8B28-73F23CFABA69}.Release|x86.ActiveCfg = Release|Win32
		{AB6C5547-26EB-4266-8B28-73F23CFABA69}.Release|x86.Build.0 = Release|Win32
		{2389C7DA-6CA8-4092-9ECC-414A931AE75E}.Debug|x64.ActiveCfg = Debug|x64
		{2389C7DA-6CA8-4092-9ECC-414A931AE75E}.Debug|x64.Build.0 = Debug|x64
		{2389C7DA-6CA8-4092-9ECC-414A931AE75E}.Debug|x86.ActiveCfg = Debug|Win32
		{2389C7DA-6CA8-4092-9ECC-414A931AE75E}.Debug|x86.Build.0 = Debug|Win32
		{2389C7DA-6CA8-4092-9ECC-414A931AE75E}.Release|x64.ActiveCfg = Release|x64
		{2389C7DA-6CA8-4092-9ECC-414A931AE75E}.Release|x64.Build.0 = Release|x64
		{2389C7DA-6CA8-4092-9ECC-414A931AE75E}.Release|x86.ActiveCfg = Release|Win32
		{2389C7DA-6CA8-4092-9ECC-414A931AE75E}.Release|x86.Build.0 = Release|Win32
		{44E3F421-F94C-4D0E-BB98-6C83BCFC1038}.Debug|x64.ActiveCfg = Debug|x64
		{44E3F421-F94C-4D0E-BB98-6C83BCFC1038}.Debug|x64.Build.0 = Debug|x64
		{44E3F421-F94C-4D0E-BB98-6C83BCFC1038}.Debug|x86.ActiveCfg = Debug|Win32
		{44E3F421-F94C-4D0E-BB98-6C83BCFC1038}.Debug|x86.Build.0 = Debug|Win32
		{44E3F421-F94C-4D0E-BB98-6C83BCFC1038}.Release|x64.ActiveCfg = Release|x64
		{44E3F421-F94C-4D0E-BB98-6C83BCFC1038}.Release|x64.Build.0 = Release|x64
		{44E3F421-F94C-4D0E-BB98-6C83BCFC1038}.Release|x86.ActiveCfg = Release|Win32
		{44E3F421-F94C-4D0E-BB98-6C83BCFC1038}.Release|x86.Build.0 = Release|Win32
		{7299DBC3-B73A-479E-B743-F0FDB621E4A2}.Debug|x64.ActiveCfg = Debug|x64
		{7299DBC3-B73A-479E-B743-F0FDB621E4A2}.Debug|x64.Build.0 = Debug|x64
		{7299DBC3-B73A-479E-B743-F0FDB621E4A2}.Debug|x86.ActiveCfg = Debug|Win32
		{7299DBC3-B73A-479E-B743-F0FDB621E4A2}.Debug|x86.Build.0 = Debug|Win32
		{7299DBC3-B73A-479E-B743-F0FDB621E4A2}.Release|x64.ActiveCfg = Release|x64
		{7299DBC3-B73A-479E-B743-F0FDB621E4A2}.Release|x64.Build.0 = Release|x64
		{7299DBC3-B73A-479E-B743-F0FDB621E4A2}.Release|x86.ActiveCfg = Release|Win32
		{7299DBC3-B73A-479E-B743-F0FDB621E4A2}.Release|x86.Build.0 = Release|Win32
		{AE09FF95-C955-488A-9603-F498DFF9C7B9}.Debug|x64.ActiveCfg = Debug|x64
		{AE09FF95-C955-488A-9603-F498DFF9C7B9}.Debug|x64.Build.0 = Debug|x64
		{AE09FF95-C955-488A-9603-F498DFF9C7B9}.Debug|x86.ActiveCfg = Debug|Win32
		{AE09FF95-C955-488A-9603-F498DFF9C7B9}.Debug|x86.Build.0 = Debug|Win32
		{AE09FF95-C955-488A-9603-F498DFF9C7B9}.Release|x64.ActiveCfg = Release|x64
		{AE09FF95-C955-488A-9603-F498DFF9C7B9}.Release|x64.Build.0 = Release|x64
		{AE09FF95-C955-488A-9603-F498DFF9C7B9}.Release|x86.ActiveCfg = Release|Win32
		{AE09FF95-C955-488A-9603-F498DFF9C7B9}.Release|x86.Build.0 = Release|Win32
		{71CF82FC-F3C6-4184-9619-D0443A0B9271}.Debug|x64.ActiveCfg = Debug|x64
		{71CF82FC-F3C6-4184-9619-D0443A0B9271}.Debug|x64.Build.0 = Debug|x64
		{71CF82FC-F3C6-4184-9619-D0443A0B9271}.Debug|x86.ActiveCfg = Debug|Win32
		{71CF82FC-F3C6-4184-9619-D0443A0B9271}.Debug|x86.Build.0 = Debug|Win32
		{71CF82FC-F3C6-4184-9619-D0443A0B9271}.Release|x64.ActiveCfg = Release|x64
		{71CF82FC-F3C6-4184-9619-D0443A0B9271}.Release|x64.Build.0 = Release|x64
		{71CF82FC-F3C6-4184-9619-D0443A0B9271}.Release|x86.ActiveCfg = Release|Win32
		{71CF82FC-F3C6-4184-9619-D0443A0B9271}.Release|x86.Build.0 = Release|Win32
		{B67A6130-02F3-4282-90BD-563FBF4FF4E8}.Debug|x64.ActiveCfg = Debug|x64
		{B67A6130-02F3-4282-90BD-563FBF4FF4E8}.Debug|x64.Build.0 = Debug|x64
		{B67A6130-02F3-4282-90BD-563FBF4FF4E8}.Debug|x86.ActiveCfg = Debug|Win32
		{B67A6130-02F3-4282-90BD-563FBF4FF4E8}.Debug|x86.Build.0 = Debug|Win32
		{B67A6130-02F3-4282-90BD-563FBF4FF4E8}.Release|x64.ActiveCfg = Release|x64
		{B67A6130-02F3-4282-90BD-563FBF4FF4E8}.Release|x64.Build.0 = Release|x64
		{B67A6130-02F3-4282-90BD-563FBF4FF4E8}.Release|x86.ActiveCfg = Release|Win32
		{B67A6130-02F3-4282-90BD-563FBF4FF4E8}.Release|x86.Build.0 = Release|Win32
	EndGlobalSection
	GlobalSection(SolutionProperties) = preSolution
		HideSolutionNode = FALSE
	EndGlobalSection
	GlobalSection(ExtensibilityGlobals) = postSolution
		SolutionGuid = {DFDEFC63-8504-4F60-B678-04C044F692C5}
	EndGlobalSection
EndGlobal
